
Microsoft Visual Studio Solution File, Format Version 12.00
# Visual Studio Version 16
VisualStudioVersion = 16.0.31205.134
MinimumVisualStudioVersion = 10.0.40219.1
Project("{FAE04EC0-301F-11D3-BF4B-00C04F79EFBC}") = "Day 6", "Day 6\Day 6.csproj", "{1261A68B-3E9C-496C-804C-5717F39FF4EB}"
EndProject
Global
	GlobalSection(SolutionConfigurationPlatforms) = preSolution
		Debug|Any CPU = Debug|Any CPU
		Release|Any CPU = Release|Any CPU
	EndGlobalSection
	GlobalSection(ProjectConfigurationPlatforms) = postSolution
		{1261A68B-3E9C-496C-804C-5717F39FF4EB}.Debug|Any CPU.ActiveCfg = Debug|Any CPU
		{1261A68B-3E9C-496C-804C-5717F39FF4EB}.Debug|Any CPU.Build.0 = Debug|Any CPU
		{1261A68B-3E9C-496C-804C-5717F39FF4EB}.Release|Any CPU.ActiveCfg = Release|Any CPU
		{1261A68B-3E9C-496C-804C-5717F39FF4EB}.Release|Any CPU.Build.0 = Release|Any CPU
	EndGlobalSection
	GlobalSection(SolutionProperties) = preSolution
		HideSolutionNode = FALSE
	EndGlobalSection
	GlobalSection(ExtensibilityGlobals) = postSolution
		SolutionGuid = {9C076853-92F2-494A-9B21-E1AEAD2BF4E9}
	EndGlobalSection
EndGlobal
